
Microsoft Visual Studio Solution File, Format Version 12.00
# Visual Studio 15
VisualStudioVersion = 15.0.27428.2002
MinimumVisualStudioVersion = 10.0.40219.1
Project("{9A19103F-16F7-4668-BE54-9A1E7A4F7556}") = "Dictionary", "src\Dictionary.csproj", "{C60EC0D3-62A0-4F17-8BA0-8329BEB6E56D}"
EndProject
Global
	GlobalSection(SolutionConfigurationPlatforms) = preSolution
		Debug|Any CPU = Debug|Any CPU
		Release|Any CPU = Release|Any CPU
	EndGlobalSection
	GlobalSection(ProjectConfigurationPlatforms) = postSolution
		{C60EC0D3-62A0-4F17-8BA0-8329BEB6E56D}.Debug|Any CPU.ActiveCfg = Debug|Any CPU
		{C60EC0D3-62A0-4F17-8BA0-8329BEB6E56D}.Debug|Any CPU.Build.0 = Debug|Any CPU
		{C60EC0D3-62A0-4F17-8BA0-8329BEB6E56D}.Release|Any CPU.ActiveCfg = Release|Any CPU
		{C60EC0D3-62A0-4F17-8BA0-8329BEB6E56D}.Release|Any CPU.Build.0 = Release|Any CPU
	EndGlobalSection
	GlobalSection(SolutionProperties) = preSolution
		HideSolutionNode = FALSE
	EndGlobalSection
	GlobalSection(ExtensibilityGlobals) = postSolution
		SolutionGuid = {8EF52AB9-D5F5-41AE-A26C-FEF2282D5D51}
	EndGlobalSection
	GlobalSection(CodealikeProperties) = postSolution
		SolutionGuid = 8b733967-fb73-4e55-8512-76aeff438d47
	EndGlobalSection
EndGlobal
